
Microsoft Visual Studio Solution File, Format Version 12.00
# Visual Studio Version 17
VisualStudioVersion = 17.0.31903.59
MinimumVisualStudioVersion = 10.0.40219.1
Project("{2150E333-8FDC-42A3-9474-1A3956D46DE8}") = "src", "src", "{8BC9CEB8-8B4A-11D0-8D11-00A0C91BC942}"
EndProject
Project("{2150E333-8FDC-42A3-9474-1A3956D46DE8}") = "tests", "tests", "{A5E3E9E6-7B5A-4D6D-9F4C-1E8A3E9D2B4F}"
EndProject
Project("{FAE04EC0-301F-11D3-BF4B-00C04F79EFBC}") = "TravelX.Api", "src\TravelX.Api\TravelX.Api.csproj", "{2BFD71B9-A0A1-4EAD-A4A4-15243A939EEE}"
EndProject
Project("{FAE04EC0-301F-11D3-BF4B-00C04F79EFBC}") = "TravelX.Web", "src\TravelX.Web\TravelX.Web.csproj", "{C11596EB-AC74-49C7-9B17-2D6D2CE43405}"
EndProject
Project("{FAE04EC0-301F-11D3-BF4B-00C04F79EFBC}") = "TravelX.Shared", "src\TravelX.Shared\TravelX.Shared.csproj", "{A1B951D9-9A93-4396-8DBF-392070281734}"
EndProject
Project("{FAE04EC0-301F-11D3-BF4B-00C04F79EFBC}") = "TravelX.AppHost", "src\TravelX.AppHost\TravelX.AppHost.csproj", "{4AF4F7E8-6B7A-4047-972A-2AE5ECA1A0EF}"
EndProject
Project("{FAE04EC0-301F-11D3-BF4B-00C04F79EFBC}") = "TravelX.ServiceDefaults", "src\TravelX.ServiceDefaults\TravelX.ServiceDefaults.csproj", "{583245DC-51E5-41CA-98AC-5064E30DB6B7}"
EndProject
Global
	GlobalSection(SolutionConfigurationPlatforms) = preSolution
		Debug|Any CPU = Debug|Any CPU
		Debug|x64 = Debug|x64
		Debug|x86 = Debug|x86
		Release|Any CPU = Release|Any CPU
		Release|x64 = Release|x64
		Release|x86 = Release|x86
	EndGlobalSection
	GlobalSection(ProjectConfigurationPlatforms) = postSolution
		{2BFD71B9-A0A1-4EAD-A4A4-15243A939EEE}.Debug|Any CPU.ActiveCfg = Debug|Any CPU
		{2BFD71B9-A0A1-4EAD-A4A4-15243A939EEE}.Debug|Any CPU.Build.0 = Debug|Any CPU
		{2BFD71B9-A0A1-4EAD-A4A4-15243A939EEE}.Debug|x64.ActiveCfg = Debug|Any CPU
		{2BFD71B9-A0A1-4EAD-A4A4-15243A939EEE}.Debug|x64.Build.0 = Debug|Any CPU
		{2BFD71B9-A0A1-4EAD-A4A4-15243A939EEE}.Debug|x86.ActiveCfg = Debug|Any CPU
		{2BFD71B9-A0A1-4EAD-A4A4-15243A939EEE}.Debug|x86.Build.0 = Debug|Any CPU
		{2BFD71B9-A0A1-4EAD-A4A4-15243A939EEE}.Release|Any CPU.ActiveCfg = Release|Any CPU
		{2BFD71B9-A0A1-4EAD-A4A4-15243A939EEE}.Release|Any CPU.Build.0 = Release|Any CPU
		{2BFD71B9-A0A1-4EAD-A4A4-15243A939EEE}.Release|x64.ActiveCfg = Release|Any CPU
		{2BFD71B9-A0A1-4EAD-A4A4-15243A939EEE}.Release|x64.Build.0 = Release|Any CPU
		{2BFD71B9-A0A1-4EAD-A4A4-15243A939EEE}.Release|x86.ActiveCfg = Release|Any CPU
		{2BFD71B9-A0A1-4EAD-A4A4-15243A939EEE}.Release|x86.Build.0 = Release|Any CPU
		{C11596EB-AC74-49C7-9B17-2D6D2CE43405}.Debug|Any CPU.ActiveCfg = Debug|Any CPU
		{C11596EB-AC74-49C7-9B17-2D6D2CE43405}.Debug|Any CPU.Build.0 = Debug|Any CPU
		{C11596EB-AC74-49C7-9B17-2D6D2CE43405}.Debug|x64.ActiveCfg = Debug|Any CPU
		{C11596EB-AC74-49C7-9B17-2D6D2CE43405}.Debug|x64.Build.0 = Debug|Any CPU
		{C11596EB-AC74-49C7-9B17-2D6D2CE43405}.Debug|x86.ActiveCfg = Debug|Any CPU
		{C11596EB-AC74-49C7-9B17-2D6D2CE43405}.Debug|x86.Build.0 = Debug|Any CPU
		{C11596EB-AC74-49C7-9B17-2D6D2CE43405}.Release|Any CPU.ActiveCfg = Release|Any CPU
		{C11596EB-AC74-49C7-9B17-2D6D2CE43405}.Release|Any CPU.Build.0 = Release|Any CPU
		{C11596EB-AC74-49C7-9B17-2D6D2CE43405}.Release|x64.ActiveCfg = Release|Any CPU
		{C11596EB-AC74-49C7-9B17-2D6D2CE43405}.Release|x64.Build.0 = Release|Any CPU
		{C11596EB-AC74-49C7-9B17-2D6D2CE43405}.Release|x86.ActiveCfg = Release|Any CPU
		{C11596EB-AC74-49C7-9B17-2D6D2CE43405}.Release|x86.Build.0 = Release|Any CPU
		{A1B951D9-9A93-4396-8DBF-392070281734}.Debug|Any CPU.ActiveCfg = Debug|Any CPU
		{A1B951D9-9A93-4396-8DBF-392070281734}.Debug|Any CPU.Build.0 = Debug|Any CPU
		{A1B951D9-9A93-4396-8DBF-392070281734}.Debug|x64.ActiveCfg = Debug|Any CPU
		{A1B951D9-9A93-4396-8DBF-392070281734}.Debug|x64.Build.0 = Debug|Any CPU
		{A1B951D9-9A93-4396-8DBF-392070281734}.Debug|x86.ActiveCfg = Debug|Any CPU
		{A1B951D9-9A93-4396-8DBF-392070281734}.Debug|x86.Build.0 = Debug|Any CPU
		{A1B951D9-9A93-4396-8DBF-392070281734}.Release|Any CPU.ActiveCfg = Release|Any CPU
		{A1B951D9-9A93-4396-8DBF-392070281734}.Release|Any CPU.Build.0 = Release|Any CPU
		{A1B951D9-9A93-4396-8DBF-392070281734}.Release|x64.ActiveCfg = Release|Any CPU
		{A1B951D9-9A93-4396-8DBF-392070281734}.Release|x64.Build.0 = Release|Any CPU
		{A1B951D9-9A93-4396-8DBF-392070281734}.Release|x86.ActiveCfg = Release|Any CPU
		{A1B951D9-9A93-4396-8DBF-392070281734}.Release|x86.Build.0 = Release|Any CPU
		{4AF4F7E8-6B7A-4047-972A-2AE5ECA1A0EF}.Debug|Any CPU.ActiveCfg = Debug|Any CPU
		{4AF4F7E8-6B7A-4047-972A-2AE5ECA1A0EF}.Debug|Any CPU.Build.0 = Debug|Any CPU
		{4AF4F7E8-6B7A-4047-972A-2AE5ECA1A0EF}.Debug|x64.ActiveCfg = Debug|Any CPU
		{4AF4F7E8-6B7A-4047-972A-2AE5ECA1A0EF}.Debug|x64.Build.0 = Debug|Any CPU
		{4AF4F7E8-6B7A-4047-972A-2AE5ECA1A0EF}.Debug|x86.ActiveCfg = Debug|Any CPU
		{4AF4F7E8-6B7A-4047-972A-2AE5ECA1A0EF}.Debug|x86.Build.0 = Debug|Any CPU
		{4AF4F7E8-6B7A-4047-972A-2AE5ECA1A0EF}.Release|Any CPU.ActiveCfg = Release|Any CPU
		{4AF4F7E8-6B7A-4047-972A-2AE5ECA1A0EF}.Release|Any CPU.Build.0 = Release|Any CPU
		{4AF4F7E8-6B7A-4047-972A-2AE5ECA1A0EF}.Release|x64.ActiveCfg = Release|Any CPU
		{4AF4F7E8-6B7A-4047-972A-2AE5ECA1A0EF}.Release|x64.Build.0 = Release|Any CPU
		{4AF4F7E8-6B7A-4047-972A-2AE5ECA1A0EF}.Release|x86.ActiveCfg = Release|Any CPU
		{4AF4F7E8-6B7A-4047-972A-2AE5ECA1A0EF}.Release|x86.Build.0 = Release|Any CPU
		{583245DC-51E5-41CA-98AC-5064E30DB6B7}.Debug|Any CPU.ActiveCfg = Debug|Any CPU
		{583245DC-51E5-41CA-98AC-5064E30DB6B7}.Debug|Any CPU.Build.0 = Debug|Any CPU
		{583245DC-51E5-41CA-98AC-5064E30DB6B7}.Debug|x64.ActiveCfg = Debug|Any CPU
		{583245DC-51E5-41CA-98AC-5064E30DB6B7}.Debug|x64.Build.0 = Debug|Any CPU
		{583245DC-51E5-41CA-98AC-5064E30DB6B7}.Debug|x86.ActiveCfg = Debug|Any CPU
		{583245DC-51E5-41CA-98AC-5064E30DB6B7}.Debug|x86.Build.0 = Debug|Any CPU
		{583245DC-51E5-41CA-98AC-5064E30DB6B7}.Release|Any CPU.ActiveCfg = Release|Any CPU
		{583245DC-51E5-41CA-98AC-5064E30DB6B7}.Release|Any CPU.Build.0 = Release|Any CPU
		{583245DC-51E5-41CA-98AC-5064E30DB6B7}.Release|x64.ActiveCfg = Release|Any CPU
		{583245DC-51E5-41CA-98AC-5064E30DB6B7}.Release|x64.Build.0 = Release|Any CPU
		{583245DC-51E5-41CA-98AC-5064E30DB6B7}.Release|x86.ActiveCfg = Release|Any CPU
		{583245DC-51E5-41CA-98AC-5064E30DB6B7}.Release|x86.Build.0 = Release|Any CPU
	EndGlobalSection
	GlobalSection(SolutionProperties) = preSolution
		HideSolutionNode = FALSE
	EndGlobalSection
	GlobalSection(NestedProjects) = preSolution
		{2BFD71B9-A0A1-4EAD-A4A4-15243A939EEE} = {8BC9CEB8-8B4A-11D0-8D11-00A0C91BC942}
		{C11596EB-AC74-49C7-9B17-2D6D2CE43405} = {8BC9CEB8-8B4A-11D0-8D11-00A0C91BC942}
		{A1B951D9-9A93-4396-8DBF-392070281734} = {8BC9CEB8-8B4A-11D0-8D11-00A0C91BC942}
		{4AF4F7E8-6B7A-4047-972A-2AE5ECA1A0EF} = {8BC9CEB8-8B4A-11D0-8D11-00A0C91BC942}
		{583245DC-51E5-41CA-98AC-5064E30DB6B7} = {8BC9CEB8-8B4A-11D0-8D11-00A0C91BC942}
	EndGlobalSection
EndGlobal
